
Microsoft Visual Studio Solution File, Format Version 12.00
# Visual Studio Version 17
VisualStudioVersion = 17.11.35222.181
MinimumVisualStudioVersion = 10.0.40219.1
Project("{FAE04EC0-301F-11D3-BF4B-00C04F79EFBC}") = "Server", "Private_Chat\Server.csproj", "{6924DDE1-5231-49BD-8839-9D24CDBD6E75}"
EndProject
Project("{FAE04EC0-301F-11D3-BF4B-00C04F79EFBC}") = "Client", "Client\Client.csproj", "{FC11CFAD-9BFD-4916-83B0-95FD204A6C5D}"
EndProject
Global
	GlobalSection(SolutionConfigurationPlatforms) = preSolution
		Debug|Any CPU = Debug|Any CPU
		Release|Any CPU = Release|Any CPU
	EndGlobalSection
	GlobalSection(ProjectConfigurationPlatforms) = postSolution
		{6924DDE1-5231-49BD-8839-9D24CDBD6E75}.Debug|Any CPU.ActiveCfg = Debug|Any CPU
		{6924DDE1-5231-49BD-8839-9D24CDBD6E75}.Debug|Any CPU.Build.0 = Debug|Any CPU
		{6924DDE1-5231-49BD-8839-9D24CDBD6E75}.Release|Any CPU.ActiveCfg = Release|Any CPU
		{6924DDE1-5231-49BD-8839-9D24CDBD6E75}.Release|Any CPU.Build.0 = Release|Any CPU
		{FC11CFAD-9BFD-4916-83B0-95FD204A6C5D}.Debug|Any CPU.ActiveCfg = Debug|Any CPU
		{FC11CFAD-9BFD-4916-83B0-95FD204A6C5D}.Debug|Any CPU.Build.0 = Debug|Any CPU
		{FC11CFAD-9BFD-4916-83B0-95FD204A6C5D}.Release|Any CPU.ActiveCfg = Release|Any CPU
		{FC11CFAD-9BFD-4916-83B0-95FD204A6C5D}.Release|Any CPU.Build.0 = Release|Any CPU
	EndGlobalSection
	GlobalSection(SolutionProperties) = preSolution
		HideSolutionNode = FALSE
	EndGlobalSection
	GlobalSection(ExtensibilityGlobals) = postSolution
		SolutionGuid = {DCFBBEAE-EF17-483E-8D3D-479A0E36523D}
	EndGlobalSection
EndGlobal
