
Microsoft Visual Studio Solution File, Format Version 12.00
# Visual Studio Version 17
VisualStudioVersion = 17.8.34330.188
MinimumVisualStudioVersion = 10.0.40219.1
Project("{FAE04EC0-301F-11D3-BF4B-00C04F79EFBC}") = "PrivateMassage", "PrivateMassage\PrivateMassage.csproj", "{532410BC-B905-47FA-BEB2-60FAE4A0701D}"
EndProject
Global
	GlobalSection(SolutionConfigurationPlatforms) = preSolution
		Debug|Any CPU = Debug|Any CPU
		Release|Any CPU = Release|Any CPU
	EndGlobalSection
	GlobalSection(ProjectConfigurationPlatforms) = postSolution
		{532410BC-B905-47FA-BEB2-60FAE4A0701D}.Debug|Any CPU.ActiveCfg = Debug|Any CPU
		{532410BC-B905-47FA-BEB2-60FAE4A0701D}.Debug|Any CPU.Build.0 = Debug|Any CPU
		{532410BC-B905-47FA-BEB2-60FAE4A0701D}.Release|Any CPU.ActiveCfg = Release|Any CPU
		{532410BC-B905-47FA-BEB2-60FAE4A0701D}.Release|Any CPU.Build.0 = Release|Any CPU
	EndGlobalSection
	GlobalSection(SolutionProperties) = preSolution
		HideSolutionNode = FALSE
	EndGlobalSection
	GlobalSection(ExtensibilityGlobals) = postSolution
		SolutionGuid = {E53228C4-0746-4EA6-BFDC-3996C1B7A157}
	EndGlobalSection
EndGlobal
