
Microsoft Visual Studio Solution File, Format Version 12.00
# Visual Studio Version 17
VisualStudioVersion = 17.11.35222.181
MinimumVisualStudioVersion = 10.0.40219.1
Project("{FAE04EC0-301F-11D3-BF4B-00C04F79EFBC}") = "PictureViewer", "PictureViewer\PictureViewer.csproj", "{1C9C713B-83B0-410C-9203-0A5F90003429}"
EndProject
Global
	GlobalSection(SolutionConfigurationPlatforms) = preSolution
		Debug|Any CPU = Debug|Any CPU
		Release|Any CPU = Release|Any CPU
	EndGlobalSection
	GlobalSection(ProjectConfigurationPlatforms) = postSolution
		{1C9C713B-83B0-410C-9203-0A5F90003429}.Debug|Any CPU.ActiveCfg = Debug|Any CPU
		{1C9C713B-83B0-410C-9203-0A5F90003429}.Debug|Any CPU.Build.0 = Debug|Any CPU
		{1C9C713B-83B0-410C-9203-0A5F90003429}.Release|Any CPU.ActiveCfg = Release|Any CPU
		{1C9C713B-83B0-410C-9203-0A5F90003429}.Release|Any CPU.Build.0 = Release|Any CPU
	EndGlobalSection
	GlobalSection(SolutionProperties) = preSolution
		HideSolutionNode = FALSE
	EndGlobalSection
	GlobalSection(ExtensibilityGlobals) = postSolution
		SolutionGuid = {79FE0051-3B8C-493C-B18B-17FDB9C7D843}
	EndGlobalSection
EndGlobal
