
Microsoft Visual Studio Solution File, Format Version 12.00
# Visual Studio Version 17
VisualStudioVersion = 17.11.35222.181
MinimumVisualStudioVersion = 10.0.40219.1
Project("{FAE04EC0-301F-11D3-BF4B-00C04F79EFBC}") = "ServerChat", "ServerChat\ServerChat.csproj", "{BB782131-AA7A-4AFE-BF19-C4A113EB6915}"
EndProject
Project("{FAE04EC0-301F-11D3-BF4B-00C04F79EFBC}") = "ClientChat", "ClientChat\ClientChat.csproj", "{9D6C5900-BA42-4D38-A3FF-72A4A7E01580}"
EndProject
Global
	GlobalSection(SolutionConfigurationPlatforms) = preSolution
		Debug|Any CPU = Debug|Any CPU
		Release|Any CPU = Release|Any CPU
	EndGlobalSection
	GlobalSection(ProjectConfigurationPlatforms) = postSolution
		{BB782131-AA7A-4AFE-BF19-C4A113EB6915}.Debug|Any CPU.ActiveCfg = Debug|Any CPU
		{BB782131-AA7A-4AFE-BF19-C4A113EB6915}.Debug|Any CPU.Build.0 = Debug|Any CPU
		{BB782131-AA7A-4AFE-BF19-C4A113EB6915}.Release|Any CPU.ActiveCfg = Release|Any CPU
		{BB782131-AA7A-4AFE-BF19-C4A113EB6915}.Release|Any CPU.Build.0 = Release|Any CPU
		{9D6C5900-BA42-4D38-A3FF-72A4A7E01580}.Debug|Any CPU.ActiveCfg = Debug|Any CPU
		{9D6C5900-BA42-4D38-A3FF-72A4A7E01580}.Debug|Any CPU.Build.0 = Debug|Any CPU
		{9D6C5900-BA42-4D38-A3FF-72A4A7E01580}.Release|Any CPU.ActiveCfg = Release|Any CPU
		{9D6C5900-BA42-4D38-A3FF-72A4A7E01580}.Release|Any CPU.Build.0 = Release|Any CPU
	EndGlobalSection
	GlobalSection(SolutionProperties) = preSolution
		HideSolutionNode = FALSE
	EndGlobalSection
	GlobalSection(ExtensibilityGlobals) = postSolution
		SolutionGuid = {AF6D26BE-D8EF-4102-9788-D62ADE886287}
	EndGlobalSection
EndGlobal
