
Microsoft Visual Studio Solution File, Format Version 12.00
# Visual Studio Version 17
VisualStudioVersion = 17.8.34330.188
MinimumVisualStudioVersion = 10.0.40219.1
Project("{FAE04EC0-301F-11D3-BF4B-00C04F79EFBC}") = "Lab01", "Lab01\Lab01.csproj", "{F08E4CA4-CDA0-46B2-8DE0-8ADBC90950A7}"
EndProject
Global
	GlobalSection(SolutionConfigurationPlatforms) = preSolution
		Debug|Any CPU = Debug|Any CPU
		Release|Any CPU = Release|Any CPU
	EndGlobalSection
	GlobalSection(ProjectConfigurationPlatforms) = postSolution
		{F08E4CA4-CDA0-46B2-8DE0-8ADBC90950A7}.Debug|Any CPU.ActiveCfg = Debug|Any CPU
		{F08E4CA4-CDA0-46B2-8DE0-8ADBC90950A7}.Debug|Any CPU.Build.0 = Debug|Any CPU
		{F08E4CA4-CDA0-46B2-8DE0-8ADBC90950A7}.Release|Any CPU.ActiveCfg = Release|Any CPU
		{F08E4CA4-CDA0-46B2-8DE0-8ADBC90950A7}.Release|Any CPU.Build.0 = Release|Any CPU
	EndGlobalSection
	GlobalSection(SolutionProperties) = preSolution
		HideSolutionNode = FALSE
	EndGlobalSection
	GlobalSection(ExtensibilityGlobals) = postSolution
		SolutionGuid = {0C200550-74F7-4B33-AA1A-E04ACE789746}
	EndGlobalSection
EndGlobal
